{
    "_readme": [
        "This file locks the dependencies of your project to a known state",
        "Read more about it at http://getcomposer.org/doc/01-basic-usage.md#composer-lock-the-lock-file"
    ],
    "hash": "10ba9b53511640b75b3e56ee88ed9965",
    "packages": [
        {
            "name": "emmetog/cache",
            "version": "dev-master",
            "source": {
                "type": "git",
                "url": "https://github.com/emmetog/cache.git",
                "reference": "e1f86aad9095d2f6f3e9c1b8d0848263a25f2918"
            },
            "dist": {
                "type": "zip",
                "url": "https://api.github.com/repos/emmetog/cache/zipball/e1f86aad9095d2f6f3e9c1b8d0848263a25f2918",
                "reference": "e1f86aad9095d2f6f3e9c1b8d0848263a25f2918",
                "shasum": ""
            },
            "type": "library",
            "autoload": {
                "psr-0": {
                    "Emmetog\\Cache\\": "src"
                }
            },
            "license": [
                "GPL-3.0"
            ],
            "authors": [
                {
                    "name": "Emmet O'Grady",
                    "email": "emmet789@gmail.com"
                }
            ],
            "description": "Classes that act as caches",
            "keywords": [
                "cache"
            ],
            "support": {
                "source": "https://github.com/emmetog/cache/tree/master",
                "issues": "https://github.com/emmetog/cache/issues"
            },
            "time": "2013-05-01 21:16:33"
        }
    ],
    "packages-dev": [

    ],
    "aliases": [

    ],
    "minimum-stability": "dev",
    "stability-flags": {
        "emmetog/cache": 20
    },
    "platform": [

    ],
    "platform-dev": [

    ]
}
