{
    "_readme": [
        "This file locks the dependencies of your project to a known state",
        "Read more about it at https://getcomposer.org/doc/01-basic-usage.md#composer-lock-the-lock-file",
        "This file is @generated automatically"
    ],
    "hash": "c18105e438263c88141bc9b7a0c5f516",
    "content-hash": "d3543bb6de597440bbc3c6cac59f9486",
    "packages": [
        {
            "name": "emmetog/cache",
            "version": "v1.0.0",
            "source": {
                "type": "git",
                "url": "https://github.com/emmetog/cache.git",
                "reference": "243edf1056adc41c5a30c7b1c84a0019cdcb0fb9"
            },
            "dist": {
                "type": "zip",
                "url": "https://api.github.com/repos/emmetog/cache/zipball/243edf1056adc41c5a30c7b1c84a0019cdcb0fb9",
                "reference": "243edf1056adc41c5a30c7b1c84a0019cdcb0fb9",
                "shasum": ""
            },
            "type": "library",
            "autoload": {
                "psr-0": {
                    "Emmetog\\Cache\\": "src"
                }
            },
            "notification-url": "https://packagist.org/downloads/",
            "license": [
                "GPL-3.0"
            ],
            "authors": [
                {
                    "name": "Emmet O'Grady",
                    "email": "emmet789@gmail.com"
                }
            ],
            "description": "A collection of PHP classes which act as caches",
            "keywords": [
                "cache",
                "memecached",
                "registry"
            ],
            "time": "2013-05-13 18:40:45"
        }
    ],
    "packages-dev": [],
    "aliases": [],
    "minimum-stability": "stable",
    "stability-flags": [],
    "prefer-stable": false,
    "prefer-lowest": false,
    "platform": [],
    "platform-dev": []
}
