{
    "hash": "10ba9b53511640b75b3e56ee88ed9965",
    "packages": [
        {
            "name": "emmetog/cache",
            "version": "dev-master",
            "source": {
                "type": "git",
                "url": "https://github.com/emmetog/cache.git",
                "reference": "d03afe9078e868986bfcd13ea5f9af41b540acc9"
            },
            "dist": {
                "type": "zip",
                "url": "https://api.github.com/repos/emmetog/cache/zipball/d03afe9078e868986bfcd13ea5f9af41b540acc9",
                "reference": "d03afe9078e868986bfcd13ea5f9af41b540acc9",
                "shasum": ""
            },
            "type": "library",
            "autoload": {
                "psr-0": {
                    "Emmetog\\Cache\\": "src"
                }
            },
            "license": [
                "GPL-3.0"
            ],
            "authors": [
                {
                    "name": "Emmet O'Grady",
                    "email": "emmet789@gmail.com"
                }
            ],
            "description": "Classes that act as caches",
            "keywords": [
                "cache"
            ],
            "support": {
                "source": "https://github.com/emmetog/cache/tree/master",
                "issues": "https://github.com/emmetog/cache/issues"
            },
            "time": "2013-03-28 20:31:46"
        }
    ],
    "packages-dev": [

    ],
    "aliases": [

    ],
    "minimum-stability": "dev",
    "stability-flags": {
        "emmetog/cache": 20
    },
    "platform": [

    ],
    "platform-dev": [

    ]
}
